{
  "name": "machineTest",
  "lockfileVersion": 2,
  "requires": true,
  "packages": {
    "": {
      "dependencies": {
        "format-duration": "^3.0.1"
      }
    },
    "node_modules/format-duration": {
      "version": "3.0.1",
      "resolved": "https://registry.npmjs.org/format-duration/-/format-duration-3.0.1.tgz",
      "integrity": "sha512-QlrVmC1IhqcC7Trm4EeRAqbyVyGKIjH9fI/ySf86nq/atpzTcCN6wYD551Cx9Atokaf0VAqAbaNnMLO6NPpTkA=="
    }
  },
  "dependencies": {
    "format-duration": {
      "version": "3.0.1",
      "resolved": "https://registry.npmjs.org/format-duration/-/format-duration-3.0.1.tgz",
      "integrity": "sha512-QlrVmC1IhqcC7Trm4EeRAqbyVyGKIjH9fI/ySf86nq/atpzTcCN6wYD551Cx9Atokaf0VAqAbaNnMLO6NPpTkA=="
    }
  }
}
